
Microsoft Visual Studio Solution File, Format Version 12.00
# Visual Studio Version 17
VisualStudioVersion = 17.9.34310.174
MinimumVisualStudioVersion = 10.0.40219.1
Project("{FAE04EC0-301F-11D3-BF4B-00C04F79EFBC}") = "Predavanje2", "Predavanje2\Predavanje2.csproj", "{00D0D7FB-A7FF-4861-AFCC-73A651149A8D}"
EndProject
Global
	GlobalSection(SolutionConfigurationPlatforms) = preSolution
		Debug|Any CPU = Debug|Any CPU
		Release|Any CPU = Release|Any CPU
	EndGlobalSection
	GlobalSection(ProjectConfigurationPlatforms) = postSolution
		{00D0D7FB-A7FF-4861-AFCC-73A651149A8D}.Debug|Any CPU.ActiveCfg = Debug|Any CPU
		{00D0D7FB-A7FF-4861-AFCC-73A651149A8D}.Debug|Any CPU.Build.0 = Debug|Any CPU
		{00D0D7FB-A7FF-4861-AFCC-73A651149A8D}.Release|Any CPU.ActiveCfg = Release|Any CPU
		{00D0D7FB-A7FF-4861-AFCC-73A651149A8D}.Release|Any CPU.Build.0 = Release|Any CPU
	EndGlobalSection
	GlobalSection(SolutionProperties) = preSolution
		HideSolutionNode = FALSE
	EndGlobalSection
	GlobalSection(ExtensibilityGlobals) = postSolution
		SolutionGuid = {01FCDEAB-6A10-49F5-B1D2-9F5BA8958D80}
	EndGlobalSection
EndGlobal
