
Microsoft Visual Studio Solution File, Format Version 12.00
# Visual Studio Version 17
VisualStudioVersion = 17.9.34310.174
MinimumVisualStudioVersion = 10.0.40219.1
Project("{FAE04EC0-301F-11D3-BF4B-00C04F79EFBC}") = "Projekt001", "Projekt001\Projekt001.csproj", "{AA405927-097A-4CDE-BEB0-788672D31D11}"
EndProject
Global
	GlobalSection(SolutionConfigurationPlatforms) = preSolution
		Debug|Any CPU = Debug|Any CPU
		Release|Any CPU = Release|Any CPU
	EndGlobalSection
	GlobalSection(ProjectConfigurationPlatforms) = postSolution
		{AA405927-097A-4CDE-BEB0-788672D31D11}.Debug|Any CPU.ActiveCfg = Debug|Any CPU
		{AA405927-097A-4CDE-BEB0-788672D31D11}.Debug|Any CPU.Build.0 = Debug|Any CPU
		{AA405927-097A-4CDE-BEB0-788672D31D11}.Release|Any CPU.ActiveCfg = Release|Any CPU
		{AA405927-097A-4CDE-BEB0-788672D31D11}.Release|Any CPU.Build.0 = Release|Any CPU
	EndGlobalSection
	GlobalSection(SolutionProperties) = preSolution
		HideSolutionNode = FALSE
	EndGlobalSection
	GlobalSection(ExtensibilityGlobals) = postSolution
		SolutionGuid = {9871B491-7B88-4EB4-8F41-F765767C7F0C}
	EndGlobalSection
EndGlobal
