
Microsoft Visual Studio Solution File, Format Version 12.00
# Visual Studio Version 17
VisualStudioVersion = 17.9.34310.174
MinimumVisualStudioVersion = 10.0.40219.1
Project("{FAE04EC0-301F-11D3-BF4B-00C04F79EFBC}") = "SoloVjezba13_12_23", "SoloVjezba13_12_23\SoloVjezba13_12_23.csproj", "{6326E975-3B34-4BCB-A78F-AA31FC155819}"
EndProject
Global
	GlobalSection(SolutionConfigurationPlatforms) = preSolution
		Debug|Any CPU = Debug|Any CPU
		Release|Any CPU = Release|Any CPU
	EndGlobalSection
	GlobalSection(ProjectConfigurationPlatforms) = postSolution
		{6326E975-3B34-4BCB-A78F-AA31FC155819}.Debug|Any CPU.ActiveCfg = Debug|Any CPU
		{6326E975-3B34-4BCB-A78F-AA31FC155819}.Debug|Any CPU.Build.0 = Debug|Any CPU
		{6326E975-3B34-4BCB-A78F-AA31FC155819}.Release|Any CPU.ActiveCfg = Release|Any CPU
		{6326E975-3B34-4BCB-A78F-AA31FC155819}.Release|Any CPU.Build.0 = Release|Any CPU
	EndGlobalSection
	GlobalSection(SolutionProperties) = preSolution
		HideSolutionNode = FALSE
	EndGlobalSection
	GlobalSection(ExtensibilityGlobals) = postSolution
		SolutionGuid = {2EC225B3-1DFC-46F9-96BF-14837FBCA07A}
	EndGlobalSection
EndGlobal
