
Microsoft Visual Studio Solution File, Format Version 12.00
# Visual Studio Version 17
VisualStudioVersion = 17.8.34309.116
MinimumVisualStudioVersion = 10.0.40219.1
Project("{FAE04EC0-301F-11D3-BF4B-00C04F79EFBC}") = "Vjezba27112023", "Vjezba27112023\Vjezba27112023.csproj", "{91E879A9-1CB8-4FFB-9C6B-90D81C9DDF97}"
EndProject
Global
	GlobalSection(SolutionConfigurationPlatforms) = preSolution
		Debug|Any CPU = Debug|Any CPU
		Release|Any CPU = Release|Any CPU
	EndGlobalSection
	GlobalSection(ProjectConfigurationPlatforms) = postSolution
		{91E879A9-1CB8-4FFB-9C6B-90D81C9DDF97}.Debug|Any CPU.ActiveCfg = Debug|Any CPU
		{91E879A9-1CB8-4FFB-9C6B-90D81C9DDF97}.Debug|Any CPU.Build.0 = Debug|Any CPU
		{91E879A9-1CB8-4FFB-9C6B-90D81C9DDF97}.Release|Any CPU.ActiveCfg = Release|Any CPU
		{91E879A9-1CB8-4FFB-9C6B-90D81C9DDF97}.Release|Any CPU.Build.0 = Release|Any CPU
	EndGlobalSection
	GlobalSection(SolutionProperties) = preSolution
		HideSolutionNode = FALSE
	EndGlobalSection
	GlobalSection(ExtensibilityGlobals) = postSolution
		SolutionGuid = {FE454AEA-62F6-4169-A25C-2C5F9ECE23FE}
	EndGlobalSection
EndGlobal
